// !$*UTF8*$!
{
	archiveVersion = 1;
	classes = {
	};
	objectVersion = 77;
	objects = {

/* Begin PBXContainerItemProxy section */
		E4C3F9202F065FC9007E673A /* PBXContainerItemProxy */ = {
			isa = PBXContainerItemProxy;
			containerPortal = E4C3F9082F065FC8007E673A /* Project object */;
			proxyType = 1;
			remoteGlobalIDString = E4C3F90F2F065FC8007E673A;
			remoteInfo = KeyboardLock;
		};
		E4C3F92A2F065FC9007E673A /* PBXContainerItemProxy */ = {
			isa = PBXContainerItemProxy;
			containerPortal = E4C3F9082F065FC8007E673A /* Project object */;
			proxyType = 1;
			remoteGlobalIDString = E4C3F90F2F065FC8007E673A;
			remoteInfo = KeyboardLock;
		};
/* End PBXContainerItemProxy section */

/* Begin PBXCopyFilesBuildPhase section */
		E424778D2F06616300953B65 /* CopyFiles */ = {
			isa = PBXCopyFilesBuildPhase;
			buildActionMask = 2147483647;
			dstPath = /usr/share/man/man1/;
			dstSubfolderSpec = 0;
			files = (
			);
			runOnlyForDeploymentPostprocessing = 1;
		};
/* End PBXCopyFilesBuildPhase section */

/* Begin PBXFileReference section */
		E424778F2F06616300953B65 /* keyboardlock-cli */ = {isa = PBXFileReference; explicitFileType = "compiled.mach-o.executable"; includeInIndex = 0; path = "keyboardlock-cli"; sourceTree = BUILT_PRODUCTS_DIR; };
		E4C3F9102F065FC8007E673A /* KeyboardLock.app */ = {isa = PBXFileReference; explicitFileType = wrapper.application; includeInIndex = 0; path = KeyboardLock.app; sourceTree = BUILT_PRODUCTS_DIR; };
		E4C3F91F2F065FC9007E673A /* KeyboardLockTests.xctest */ = {isa = PBXFileReference; explicitFileType = wrapper.cfbundle; includeInIndex = 0; path = KeyboardLockTests.xctest; sourceTree = BUILT_PRODUCTS_DIR; };
		E4C3F9292F065FC9007E673A /* KeyboardLockUITests.xctest */ = {isa = PBXFileReference; explicitFileType = wrapper.cfbundle; includeInIndex = 0; path = KeyboardLockUITests.xctest; sourceTree = BUILT_PRODUCTS_DIR; };
/* End PBXFileReference section */

/* Begin PBXFileSystemSynchronizedRootGroup section */
		E42477902F06616300953B65 /* keyboardlock-cli */ = {
			isa = PBXFileSystemSynchronizedRootGroup;
			path = "keyboardlock-cli";
			sourceTree = "<group>";
		};
		E4C3F9122F065FC8007E673A /* KeyboardLock */ = {
			isa = PBXFileSystemSynchronizedRootGroup;
			path = KeyboardLock;
			sourceTree = "<group>";
		};
		E4C3F9222F065FC9007E673A /* KeyboardLockTests */ = {
			isa = PBXFileSystemSynchronizedRootGroup;
			path = KeyboardLockTests;
			sourceTree = "<group>";
		};
		E4C3F92C2F065FC9007E673A /* KeyboardLockUITests */ = {
			isa = PBXFileSystemSynchronizedRootGroup;
			path = KeyboardLockUITests;
			sourceTree = "<group>";
		};
/* End PBXFileSystemSynchronizedRootGroup section */

/* Begin PBXFrameworksBuildPhase section */
		E424778C2F06616300953B65 /* Frameworks */ = {
			isa = PBXFrameworksBuildPhase;
			buildActionMask = 2147483647;
			files = (
			);
			runOnlyForDeploymentPostprocessing = 0;
		};
		E4C3F90D2F065FC8007E673A /* Frameworks */ = {
			isa = PBXFrameworksBuildPhase;
			buildActionMask = 2147483647;
			files = (
			);
			runOnlyForDeploymentPostprocessing = 0;
		};
		E4C3F91C2F065FC9007E673A /* Frameworks */ = {
			isa = PBXFrameworksBuildPhase;
			buildActionMask = 2147483647;
			files = (
			);
			runOnlyForDeploymentPostprocessing = 0;
		};
		E4C3F9262F065FC9007E673A /* Frameworks */ = {
			isa = PBXFrameworksBuildPhase;
			buildActionMask = 2147483647;
			files = (
			);
			runOnlyForDeploymentPostprocessing = 0;
		};
/* End PBXFrameworksBuildPhase section */

/* Begin PBXGroup section */
		E4C3F9072F065FC8007E673A = {
			isa = PBXGroup;
			children = (
				E4C3F9122F065FC8007E673A /* KeyboardLock */,
				E4C3F9222F065FC9007E673A /* KeyboardLockTests */,
				E4C3F92C2F065FC9007E673A /* KeyboardLockUITests */,
				E42477902F06616300953B65 /* keyboardlock-cli */,
				E4C3F9112F065FC8007E673A /* Products */,
			);
			sourceTree = "<group>";
		};
		E4C3F9112F065FC8007E673A /* Products */ = {
			isa = PBXGroup;
			children = (
				E4C3F9102F065FC8007E673A /* KeyboardLock.app */,
				E4C3F91F2F065FC9007E673A /* KeyboardLockTests.xctest */,
				E4C3F9292F065FC9007E673A /* KeyboardLockUITests.xctest */,
				E424778F2F06616300953B65 /* keyboardlock-cli */,
			);
			name = Products;
			sourceTree = "<group>";
		};
/* End PBXGroup section */

/* Begin PBXNativeTarget section */
		E424778E2F06616300953B65 /* keyboardlock-cli */ = {
			isa = PBXNativeTarget;
			buildConfigurationList = E42477932F06616300953B65 /* Build configuration list for PBXNativeTarget "keyboardlock-cli" */;
			buildPhases = (
				E424778B2F06616300953B65 /* Sources */,
				E424778C2F06616300953B65 /* Frameworks */,
				E424778D2F06616300953B65 /* CopyFiles */,
			);
			buildRules = (
			);
			dependencies = (
			);
			fileSystemSynchronizedGroups = (
				E42477902F06616300953B65 /* keyboardlock-cli */,
			);
			name = "keyboardlock-cli";
			packageProductDependencies = (
			);
			productName = "keyboardlock-cli";
			productReference = E424778F2F06616300953B65 /* keyboardlock-cli */;
			productType = "com.apple.product-type.tool";
		};
		E4C3F90F2F065FC8007E673A /* KeyboardLock */ = {
			isa = PBXNativeTarget;
			buildConfigurationList = E4C3F9332F065FC9007E673A /* Build configuration list for PBXNativeTarget "KeyboardLock" */;
			buildPhases = (
				E4C3F90C2F065FC8007E673A /* Sources */,
				E4C3F90D2F065FC8007E673A /* Frameworks */,
				E4C3F90E2F065FC8007E673A /* Resources */,
			);
			buildRules = (
			);
			dependencies = (
			);
			fileSystemSynchronizedGroups = (
				E4C3F9122F065FC8007E673A /* KeyboardLock */,
			);
			name = KeyboardLock;
			packageProductDependencies = (
			);
			productName = KeyboardLock;
			productReference = E4C3F9102F065FC8007E673A /* KeyboardLock.app */;
			productType = "com.apple.product-type.application";
		};
		E4C3F91E2F065FC9007E673A /* KeyboardLockTests */ = {
			isa = PBXNativeTarget;
			buildConfigurationList = E4C3F9362F065FC9007E673A /* Build configuration list for PBXNativeTarget "KeyboardLockTests" */;
			buildPhases = (
				E4C3F91B2F065FC9007E673A /* Sources */,
				E4C3F91C2F065FC9007E673A /* Frameworks */,
				E4C3F91D2F065FC9007E673A /* Resources */,
			);
			buildRules = (
			);
			dependencies = (
				E4C3F9212F065FC9007E673A /* PBXTargetDependency */,
			);
			fileSystemSynchronizedGroups = (
				E4C3F9222F065FC9007E673A /* KeyboardLockTests */,
			);
			name = KeyboardLockTests;
			packageProductDependencies = (
			);
			productName = KeyboardLockTests;
			productReference = E4C3F91F2F065FC9007E673A /* KeyboardLockTests.xctest */;
			productType = "com.apple.product-type.bundle.unit-test";
		};
		E4C3F9282F065FC9007E673A /* KeyboardLockUITests */ = {
			isa = PBXNativeTarget;
			buildConfigurationList = E4C3F9392F065FC9007E673A /* Build configuration list for PBXNativeTarget "KeyboardLockUITests" */;
			buildPhases = (
				E4C3F9252F065FC9007E673A /* Sources */,
				E4C3F9262F065FC9007E673A /* Frameworks */,
				E4C3F9272F065FC9007E673A /* Resources */,
			);
			buildRules = (
			);
			dependencies = (
				E4C3F92B2F065FC9007E673A /* PBXTargetDependency */,
			);
			fileSystemSynchronizedGroups = (
				E4C3F92C2F065FC9007E673A /* KeyboardLockUITests */,
			);
			name = KeyboardLockUITests;
			packageProductDependencies = (
			);
			productName = KeyboardLockUITests;
			productReference = E4C3F9292F065FC9007E673A /* KeyboardLockUITests.xctest */;
			productType = "com.apple.product-type.bundle.ui-testing";
		};
/* End PBXNativeTarget section */

/* Begin PBXProject section */
		E4C3F9082F065FC8007E673A /* Project object */ = {
			isa = PBXProject;
			attributes = {
				BuildIndependentTargetsInParallel = 1;
				LastSwiftUpdateCheck = 2600;
				LastUpgradeCheck = 2600;
				TargetAttributes = {
					E424778E2F06616300953B65 = {
						CreatedOnToolsVersion = 26.0;
					};
					E4C3F90F2F065FC8007E673A = {
						CreatedOnToolsVersion = 26.0;
					};
					E4C3F91E2F065FC9007E673A = {
						CreatedOnToolsVersion = 26.0;
						TestTargetID = E4C3F90F2F065FC8007E673A;
					};
					E4C3F9282F065FC9007E673A = {
						CreatedOnToolsVersion = 26.0;
						TestTargetID = E4C3F90F2F065FC8007E673A;
					};
				};
			};
			buildConfigurationList = E4C3F90B2F065FC8007E673A /* Build configuration list for PBXProject "KeyboardLock" */;
			developmentRegion = en;
			hasScannedForEncodings = 0;
			knownRegions = (
				en,
				Base,
			);
			mainGroup = E4C3F9072F065FC8007E673A;
			minimizedProjectReferenceProxies = 1;
			preferredProjectObjectVersion = 77;
			productRefGroup = E4C3F9112F065FC8007E673A /* Products */;
			projectDirPath = "";
			projectRoot = "";
			targets = (
				E4C3F90F2F065FC8007E673A /* KeyboardLock */,
				E4C3F91E2F065FC9007E673A /* KeyboardLockTests */,
				E4C3F9282F065FC9007E673A /* KeyboardLockUITests */,
				E424778E2F06616300953B65 /* keyboardlock-cli */,
			);
		};
/* End PBXProject section */

/* Begin PBXResourcesBuildPhase section */
		E4C3F90E2F065FC8007E673A /* Resources */ = {
			isa = PBXResourcesBuildPhase;
			buildActionMask = 2147483647;
			files = (
			);
			runOnlyForDeploymentPostprocessing = 0;
		};
		E4C3F91D2F065FC9007E673A /* Resources */ = {
			isa = PBXResourcesBuildPhase;
			buildActionMask = 2147483647;
			files = (
			);
			runOnlyForDeploymentPostprocessing = 0;
		};
		E4C3F9272F065FC9007E673A /* Resources */ = {
			isa = PBXResourcesBuildPhase;
			buildActionMask = 2147483647;
			files = (
			);
			runOnlyForDeploymentPostprocessing = 0;
		};
/* End PBXResourcesBuildPhase section */

/* Begin PBXSourcesBuildPhase section */
		E424778B2F06616300953B65 /* Sources */ = {
			isa = PBXSourcesBuildPhase;
			buildActionMask = 2147483647;
			files = (
			);
			runOnlyForDeploymentPostprocessing = 0;
		};
		E4C3F90C2F065FC8007E673A /* Sources */ = {
			isa = PBXSourcesBuildPhase;
			buildActionMask = 2147483647;
			files = (
			);
			runOnlyForDeploymentPostprocessing = 0;
		};
		E4C3F91B2F065FC9007E673A /* Sources */ = {
			isa = PBXSourcesBuildPhase;
			buildActionMask = 2147483647;
			files = (
			);
			runOnlyForDeploymentPostprocessing = 0;
		};
		E4C3F9252F065FC9007E673A /* Sources */ = {
			isa = PBXSourcesBuildPhase;
			buildActionMask = 2147483647;
			files = (
			);
			runOnlyForDeploymentPostprocessing = 0;
		};
/* End PBXSourcesBuildPhase section */

/* Begin PBXTargetDependency section */
		E4C3F9212F065FC9007E673A /* PBXTargetDependency */ = {
			isa = PBXTargetDependency;
			target = E4C3F90F2F065FC8007E673A /* KeyboardLock */;
			targetProxy = E4C3F9202F065FC9007E673A /* PBXContainerItemProxy */;
		};
		E4C3F92B2F065FC9007E673A /* PBXTargetDependency */ = {
			isa = PBXTargetDependency;
			target = E4C3F90F2F065FC8007E673A /* KeyboardLock */;
			targetProxy = E4C3F92A2F065FC9007E673A /* PBXContainerItemProxy */;
		};
/* End PBXTargetDependency section */

/* Begin XCBuildConfiguration section */
		E42477942F06616300953B65 /* Debug */ = {
			isa = XCBuildConfiguration;
			buildSettings = {
				CODE_SIGN_STYLE = Automatic;
				DEVELOPMENT_TEAM = 85SNX4ZWF4;
				ENABLE_HARDENED_RUNTIME = YES;
				PRODUCT_NAME = "$(TARGET_NAME)";
				SWIFT_APPROACHABLE_CONCURRENCY = YES;
				SWIFT_UPCOMING_FEATURE_MEMBER_IMPORT_VISIBILITY = YES;
				SWIFT_VERSION = 5.0;
			};
			name = Debug;
		};
		E42477952F06616300953B65 /* Release */ = {
			isa = XCBuildConfiguration;
			buildSettings = {
				CODE_SIGN_STYLE = Automatic;
				DEVELOPMENT_TEAM = 85SNX4ZWF4;
				ENABLE_HARDENED_RUNTIME = YES;
				PRODUCT_NAME = "$(TARGET_NAME)";
				SWIFT_APPROACHABLE_CONCURRENCY = YES;
				SWIFT_UPCOMING_FEATURE_MEMBER_IMPORT_VISIBILITY = YES;
				SWIFT_VERSION = 5.0;
			};
			name = Release;
		};
		E4C3F9312F065FC9007E673A /* Debug */ = {
			isa = XCBuildConfiguration;
			buildSettings = {
				ALWAYS_SEARCH_USER_PATHS = NO;
				ASSETCATALOG_COMPILER_GENERATE_SWIFT_ASSET_SYMBOL_EXTENSIONS = YES;
				CLANG_ANALYZER_NONNULL = YES;
				CLANG_ANALYZER_NUMBER_OBJECT_CONVERSION = YES_AGGRESSIVE;
				CLANG_CXX_LANGUAGE_STANDARD = "gnu++20";
				CLANG_ENABLE_MODULES = YES;
				CLANG_ENABLE_OBJC_ARC = YES;
				CLANG_ENABLE_OBJC_WEAK = YES;
				CLANG_WARN_BLOCK_CAPTURE_AUTORELEASING = YES;
				CLANG_WARN_BOOL_CONVERSION = YES;
				CLANG_WARN_COMMA = YES;
				CLANG_WARN_CONSTANT_CONVERSION = YES;
				CLANG_WARN_DEPRECATED_OBJC_IMPLEMENTATIONS = YES;
				CLANG_WARN_DIRECT_OBJC_ISA_USAGE = YES_ERROR;
				CLANG_WARN_DOCUMENTATION_COMMENTS = YES;
				CLANG_WARN_EMPTY_BODY = YES;
				CLANG_WARN_ENUM_CONVERSION = YES;
				CLANG_WARN_INFINITE_RECURSION = YES;
				CLANG_WARN_INT_CONVERSION = YES;
				CLANG_WARN_NON_LITERAL_NULL_CONVERSION = YES;
				CLANG_WARN_OBJC_IMPLICIT_RETAIN_SELF = YES;
				CLANG_WARN_OBJC_LITERAL_CONVERSION = YES;
				CLANG_WARN_OBJC_ROOT_CLASS = YES_ERROR;
				CLANG_WARN_QUOTED_INCLUDE_IN_FRAMEWORK_HEADER = YES;
				CLANG_WARN_RANGE_LOOP_ANALYSIS = YES;
				CLANG_WARN_STRICT_PROTOTYPES = YES;
				CLANG_WARN_SUSPICIOUS_MOVE = YES;
				CLANG_WARN_UNGUARDED_AVAILABILITY = YES_AGGRESSIVE;
				CLANG_WARN_UNREACHABLE_CODE = YES;
				CLANG_WARN__DUPLICATE_METHOD_MATCH = YES;
				COPY_PHASE_STRIP = NO;
				DEBUG_INFORMATION_FORMAT = dwarf;
				DEVELOPMENT_TEAM = 85SNX4ZWF4;
				ENABLE_STRICT_OBJC_MSGSEND = YES;
				ENABLE_TESTABILITY = YES;
				ENABLE_USER_SCRIPT_SANDBOXING = YES;
				GCC_C_LANGUAGE_STANDARD = gnu17;
				GCC_DYNAMIC_NO_PIC = NO;
				GCC_NO_COMMON_BLOCKS = YES;
				GCC_OPTIMIZATION_LEVEL = 0;
				GCC_PREPROCESSOR_DEFINITIONS = (
					"DEBUG=1",
					"$(inherited)",
				);
				GCC_WARN_64_TO_32_BIT_CONVERSION = YES;
				GCC_WARN_ABOUT_RETURN_TYPE = YES_ERROR;
				GCC_WARN_UNDECLARED_SELECTOR = YES;
				GCC_WARN_UNINITIALIZED_AUTOS = YES_AGGRESSIVE;
				GCC_WARN_UNUSED_FUNCTION = YES;
				GCC_WARN_UNUSED_VARIABLE = YES;
				LOCALIZATION_PREFERS_STRING_CATALOGS = YES;
				MACOSX_DEPLOYMENT_TARGET = 26.0;
				MTL_ENABLE_DEBUG_INFO = INCLUDE_SOURCE;
				MTL_FAST_MATH = YES;
				ONLY_ACTIVE_ARCH = YES;
				SDKROOT = macosx;
				SWIFT_ACTIVE_COMPILATION_CONDITIONS = "DEBUG $(inherited)";
				SWIFT_OPTIMIZATION_LEVEL = "-Onone";
			};
			name = Debug;
		};
		E4C3F9322F065FC9007E673A /* Release */ = {
			isa = XCBuildConfiguration;
			buildSettings = {
				ALWAYS_SEARCH_USER_PATHS = NO;
				ASSETCATALOG_COMPILER_GENERATE_SWIFT_ASSET_SYMBOL_EXTENSIONS = YES;
				CLANG_ANALYZER_NONNULL = YES;
				CLANG_ANALYZER_NUMBER_OBJECT_CONVERSION = YES_AGGRESSIVE;
				CLANG_CXX_LANGUAGE_STANDARD = "gnu++20";
				CLANG_ENABLE_MODULES = YES;
				CLANG_ENABLE_OBJC_ARC = YES;
				CLANG_ENABLE_OBJC_WEAK = YES;
				CLANG_WARN_BLOCK_CAPTURE_AUTORELEASING = YES;
				CLANG_WARN_BOOL_CONVERSION = YES;
				CLANG_WARN_COMMA = YES;
				CLANG_WARN_CONSTANT_CONVERSION = YES;
				CLANG_WARN_DEPRECATED_OBJC_IMPLEMENTATIONS = YES;
				CLANG_WARN_DIRECT_OBJC_ISA_USAGE = YES_ERROR;
				CLANG_WARN_DOCUMENTATION_COMMENTS = YES;
				CLANG_WARN_EMPTY_BODY = YES;
				CLANG_WARN_ENUM_CONVERSION = YES;
				CLANG_WARN_INFINITE_RECURSION = YES;
				CLANG_WARN_INT_CONVERSION = YES;
				CLANG_WARN_NON_LITERAL_NULL_CONVERSION = YES;
				CLANG_WARN_OBJC_IMPLICIT_RETAIN_SELF = YES;
				CLANG_WARN_OBJC_LITERAL_CONVERSION = YES;
				CLANG_WARN_OBJC_ROOT_CLASS = YES_ERROR;
				CLANG_WARN_QUOTED_INCLUDE_IN_FRAMEWORK_HEADER = YES;
				CLANG_WARN_RANGE_LOOP_ANALYSIS = YES;
				CLANG_WARN_STRICT_PROTOTYPES = YES;
				CLANG_WARN_SUSPICIOUS_MOVE = YES;
				CLANG_WARN_UNGUARDED_AVAILABILITY = YES_AGGRESSIVE;
				CLANG_WARN_UNREACHABLE_CODE = YES;
				CLANG_WARN__DUPLICATE_METHOD_MATCH = YES;
				COPY_PHASE_STRIP = NO;
				DEBUG_INFORMATION_FORMAT = "dwarf-with-dsym";
				DEVELOPMENT_TEAM = 85SNX4ZWF4;
				ENABLE_NS_ASSERTIONS = NO;
				ENABLE_STRICT_OBJC_MSGSEND = YES;
				ENABLE_USER_SCRIPT_SANDBOXING = YES;
				GCC_C_LANGUAGE_STANDARD = gnu17;
				GCC_NO_COMMON_BLOCKS = YES;
				GCC_WARN_64_TO_32_BIT_CONVERSION = YES;
				GCC_WARN_ABOUT_RETURN_TYPE = YES_ERROR;
				GCC_WARN_UNDECLARED_SELECTOR = YES;
				GCC_WARN_UNINITIALIZED_AUTOS = YES_AGGRESSIVE;
				GCC_WARN_UNUSED_FUNCTION = YES;
				GCC_WARN_UNUSED_VARIABLE = YES;
				LOCALIZATION_PREFERS_STRING_CATALOGS = YES;
				MACOSX_DEPLOYMENT_TARGET = 26.0;
				MTL_ENABLE_DEBUG_INFO = NO;
				MTL_FAST_MATH = YES;
				SDKROOT = macosx;
				SWIFT_COMPILATION_MODE = wholemodule;
			};
			name = Release;
		};
		E4C3F9342F065FC9007E673A /* Debug */ = {
			isa = XCBuildConfiguration;
			buildSettings = {
				ASSETCATALOG_COMPILER_APPICON_NAME = AppIcon;
				ASSETCATALOG_COMPILER_GLOBAL_ACCENT_COLOR_NAME = AccentColor;
				CODE_SIGN_STYLE = Automatic;
				COMBINE_HIDPI_IMAGES = YES;
				CURRENT_PROJECT_VERSION = 1;
				DEVELOPMENT_TEAM = 85SNX4ZWF4;
				ENABLE_APP_SANDBOX = NO;
				ENABLE_HARDENED_RUNTIME = YES;
				ENABLE_PREVIEWS = YES;
				GENERATE_INFOPLIST_FILE = NO;
				INFOPLIST_FILE = KeyboardLock/Info.plist;
				LD_RUNPATH_SEARCH_PATHS = (
					"$(inherited)",
					"@executable_path/../Frameworks",
				);
				MACOSX_DEPLOYMENT_TARGET = 15.6;
				MARKETING_VERSION = 1.0;
				PRODUCT_BUNDLE_IDENTIFIER = app.techtails.KeyboardLock;
				PRODUCT_NAME = "$(TARGET_NAME)";
				REGISTER_APP_GROUPS = YES;
				STRING_CATALOG_GENERATE_SYMBOLS = YES;
				SWIFT_APPROACHABLE_CONCURRENCY = YES;
				SWIFT_DEFAULT_ACTOR_ISOLATION = MainActor;
				SWIFT_EMIT_LOC_STRINGS = YES;
				SWIFT_UPCOMING_FEATURE_MEMBER_IMPORT_VISIBILITY = YES;
				SWIFT_VERSION = 5.0;
			};
			name = Debug;
		};
		E4C3F9352F065FC9007E673A /* Release */ = {
			isa = XCBuildConfiguration;
			buildSettings = {
				ASSETCATALOG_COMPILER_APPICON_NAME = AppIcon;
				ASSETCATALOG_COMPILER_GLOBAL_ACCENT_COLOR_NAME = AccentColor;
				CODE_SIGN_STYLE = Automatic;
				COMBINE_HIDPI_IMAGES = YES;
				CURRENT_PROJECT_VERSION = 1;
				DEVELOPMENT_TEAM = 85SNX4ZWF4;
				ENABLE_APP_SANDBOX = NO;
				ENABLE_HARDENED_RUNTIME = YES;
				ENABLE_PREVIEWS = YES;
				GENERATE_INFOPLIST_FILE = NO;
				INFOPLIST_FILE = KeyboardLock/Info.plist;
				LD_RUNPATH_SEARCH_PATHS = (
					"$(inherited)",
					"@executable_path/../Frameworks",
				);
				MACOSX_DEPLOYMENT_TARGET = 15.6;
				MARKETING_VERSION = 1.0;
				PRODUCT_BUNDLE_IDENTIFIER = app.techtails.KeyboardLock;
				PRODUCT_NAME = "$(TARGET_NAME)";
				REGISTER_APP_GROUPS = YES;
				STRING_CATALOG_GENERATE_SYMBOLS = YES;
				SWIFT_APPROACHABLE_CONCURRENCY = YES;
				SWIFT_DEFAULT_ACTOR_ISOLATION = MainActor;
				SWIFT_EMIT_LOC_STRINGS = YES;
				SWIFT_UPCOMING_FEATURE_MEMBER_IMPORT_VISIBILITY = YES;
				SWIFT_VERSION = 5.0;
			};
			name = Release;
		};
		E4C3F9372F065FC9007E673A /* Debug */ = {
			isa = XCBuildConfiguration;
			buildSettings = {
				BUNDLE_LOADER = "$(TEST_HOST)";
				CODE_SIGN_STYLE = Automatic;
				CURRENT_PROJECT_VERSION = 1;
				DEVELOPMENT_TEAM = 85SNX4ZWF4;
				GENERATE_INFOPLIST_FILE = YES;
				MACOSX_DEPLOYMENT_TARGET = 26.0;
				MARKETING_VERSION = 1.0;
				PRODUCT_BUNDLE_IDENTIFIER = app.techtails.KeyboardLockTests;
				PRODUCT_NAME = "$(TARGET_NAME)";
				STRING_CATALOG_GENERATE_SYMBOLS = NO;
				SWIFT_APPROACHABLE_CONCURRENCY = YES;
				SWIFT_EMIT_LOC_STRINGS = NO;
				SWIFT_UPCOMING_FEATURE_MEMBER_IMPORT_VISIBILITY = YES;
				SWIFT_VERSION = 5.0;
				TEST_HOST = "$(BUILT_PRODUCTS_DIR)/KeyboardLock.app/$(BUNDLE_EXECUTABLE_FOLDER_PATH)/KeyboardLock";
			};
			name = Debug;
		};
		E4C3F9382F065FC9007E673A /* Release */ = {
			isa = XCBuildConfiguration;
			buildSettings = {
				BUNDLE_LOADER = "$(TEST_HOST)";
				CODE_SIGN_STYLE = Automatic;
				CURRENT_PROJECT_VERSION = 1;
				DEVELOPMENT_TEAM = 85SNX4ZWF4;
				GENERATE_INFOPLIST_FILE = YES;
				MACOSX_DEPLOYMENT_TARGET = 26.0;
				MARKETING_VERSION = 1.0;
				PRODUCT_BUNDLE_IDENTIFIER = app.techtails.KeyboardLockTests;
				PRODUCT_NAME = "$(TARGET_NAME)";
				STRING_CATALOG_GENERATE_SYMBOLS = NO;
				SWIFT_APPROACHABLE_CONCURRENCY = YES;
				SWIFT_EMIT_LOC_STRINGS = NO;
				SWIFT_UPCOMING_FEATURE_MEMBER_IMPORT_VISIBILITY = YES;
				SWIFT_VERSION = 5.0;
				TEST_HOST = "$(BUILT_PRODUCTS_DIR)/KeyboardLock.app/$(BUNDLE_EXECUTABLE_FOLDER_PATH)/KeyboardLock";
			};
			name = Release;
		};
		E4C3F93A2F065FC9007E673A /* Debug */ = {
			isa = XCBuildConfiguration;
			buildSettings = {
				CODE_SIGN_STYLE = Automatic;
				CURRENT_PROJECT_VERSION = 1;
				DEVELOPMENT_TEAM = 85SNX4ZWF4;
				GENERATE_INFOPLIST_FILE = YES;
				MARKETING_VERSION = 1.0;
				PRODUCT_BUNDLE_IDENTIFIER = app.techtails.KeyboardLockUITests;
				PRODUCT_NAME = "$(TARGET_NAME)";
				STRING_CATALOG_GENERATE_SYMBOLS = NO;
				SWIFT_APPROACHABLE_CONCURRENCY = YES;
				SWIFT_EMIT_LOC_STRINGS = NO;
				SWIFT_UPCOMING_FEATURE_MEMBER_IMPORT_VISIBILITY = YES;
				SWIFT_VERSION = 5.0;
				TEST_TARGET_NAME = KeyboardLock;
			};
			name = Debug;
		};
		E4C3F93B2F065FC9007E673A /* Release */ = {
			isa = XCBuildConfiguration;
			buildSettings = {
				CODE_SIGN_STYLE = Automatic;
				CURRENT_PROJECT_VERSION = 1;
				DEVELOPMENT_TEAM = 85SNX4ZWF4;
				GENERATE_INFOPLIST_FILE = YES;
				MARKETING_VERSION = 1.0;
				PRODUCT_BUNDLE_IDENTIFIER = app.techtails.KeyboardLockUITests;
				PRODUCT_NAME = "$(TARGET_NAME)";
				STRING_CATALOG_GENERATE_SYMBOLS = NO;
				SWIFT_APPROACHABLE_CONCURRENCY = YES;
				SWIFT_EMIT_LOC_STRINGS = NO;
				SWIFT_UPCOMING_FEATURE_MEMBER_IMPORT_VISIBILITY = YES;
				SWIFT_VERSION = 5.0;
				TEST_TARGET_NAME = KeyboardLock;
			};
			name = Release;
		};
/* End XCBuildConfiguration section */

/* Begin XCConfigurationList section */
		E42477932F06616300953B65 /* Build configuration list for PBXNativeTarget "keyboardlock-cli" */ = {
			isa = XCConfigurationList;
			buildConfigurations = (
				E42477942F06616300953B65 /* Debug */,
				E42477952F06616300953B65 /* Release */,
			);
			defaultConfigurationIsVisible = 0;
			defaultConfigurationName = Release;
		};
		E4C3F90B2F065FC8007E673A /* Build configuration list for PBXProject "KeyboardLock" */ = {
			isa = XCConfigurationList;
			buildConfigurations = (
				E4C3F9312F065FC9007E673A /* Debug */,
				E4C3F9322F065FC9007E673A /* Release */,
			);
			defaultConfigurationIsVisible = 0;
			defaultConfigurationName = Release;
		};
		E4C3F9332F065FC9007E673A /* Build configuration list for PBXNativeTarget "KeyboardLock" */ = {
			isa = XCConfigurationList;
			buildConfigurations = (
				E4C3F9342F065FC9007E673A /* Debug */,
				E4C3F9352F065FC9007E673A /* Release */,
			);
			defaultConfigurationIsVisible = 0;
			defaultConfigurationName = Release;
		};
		E4C3F9362F065FC9007E673A /* Build configuration list for PBXNativeTarget "KeyboardLockTests" */ = {
			isa = XCConfigurationList;
			buildConfigurations = (
				E4C3F9372F065FC9007E673A /* Debug */,
				E4C3F9382F065FC9007E673A /* Release */,
			);
			defaultConfigurationIsVisible = 0;
			defaultConfigurationName = Release;
		};
		E4C3F9392F065FC9007E673A /* Build configuration list for PBXNativeTarget "KeyboardLockUITests" */ = {
			isa = XCConfigurationList;
			buildConfigurations = (
				E4C3F93A2F065FC9007E673A /* Debug */,
				E4C3F93B2F065FC9007E673A /* Release */,
			);
			defaultConfigurationIsVisible = 0;
			defaultConfigurationName = Release;
		};
/* End XCConfigurationList section */
	};
	rootObject = E4C3F9082F065FC8007E673A /* Project object */;
}
